github.com/Makepad-fr/semver v0.0.0-20240503121001-42aaf069bf72 h1:7+VAFP3J28exLpQfL+SGu+0hn69bdphYSE7DkdkI4cA=
github.com/Makepad-fr/semver v0.0.0-20240503121001-42aaf069bf72/go.mod h1:QOdzQiA0pnDcjGRk6FEzssj7pTu8T3EgMvzw5v8btoY=
github.com/Makepad-fr/semver/semver v0.0.0-20240503121246-86f73ac95769 h1:F3OuBeK8h2Gq1HdbQOHHrZtTP0Qpb1gSaXono5BzEAc=
github.com/Makepad-fr/semver/semver v0.0.0-20240503121246-86f73ac95769/go.mod h1:hdLRKM09tjETgqcHJWwYpoRUO/c0u9keRu/WkYi8EyY=
